// !$*UTF8*$!
{
	archiveVersion = 1;
	classes = {
	};
	objectVersion = 55;
	objects = {

/* Begin PBXBuildFile section */
		2DA25D2128C29A5D00F7F579 /* main.cpp in Sources */ = {isa = PBXBuildFile; fileRef = 2DA25D2028C29A5D00F7F579 /* main.cpp */; };
		2DA25D4228C29AF600F7F579 /* Makefile in Sources */ = {isa = PBXBuildFile; fileRef = 2DA25D3028C29AF500F7F579 /* Makefile */; };
/* End PBXBuildFile section */

/* Begin PBXCopyFilesBuildPhase section */
		2DA25D1B28C29A5D00F7F579 /* CopyFiles */ = {
			isa = PBXCopyFilesBuildPhase;
			buildActionMask = 2147483647;
			dstPath = /usr/share/man/man1/;
			dstSubfolderSpec = 0;
			files = (
			);
			runOnlyForDeploymentPostprocessing = 1;
		};
/* End PBXCopyFilesBuildPhase section */

/* Begin PBXFileReference section */
		2DA25D1D28C29A5D00F7F579 /* EECS 281 Project 1 */ = {isa = PBXFileReference; explicitFileType = "compiled.mach-o.executable"; includeInIndex = 0; path = "EECS 281 Project 1"; sourceTree = BUILT_PRODUCTS_DIR; };
		2DA25D2028C29A5D00F7F579 /* main.cpp */ = {isa = PBXFileReference; lastKnownFileType = sourcecode.cpp.cpp; path = main.cpp; sourceTree = "<group>"; };
		2DA25D2728C29AF500F7F579 /* Sample-Small-L.txt */ = {isa = PBXFileReference; fileEncoding = 4; lastKnownFileType = text; name = "Sample-Small-L.txt"; path = "../../../../../../Downloads/files/Sample-Small-L.txt"; sourceTree = "<group>"; };
		2DA25D2828C29AF500F7F579 /* spec-pipe-M.txt */ = {isa = PBXFileReference; fileEncoding = 4; lastKnownFileType = text; name = "spec-pipe-M.txt"; path = "../../../../../../Downloads/files/spec-pipe-M.txt"; sourceTree = "<group>"; };
		2DA25D2928C29AF500F7F579 /* spec-qm-out.txt */ = {isa = PBXFileReference; fileEncoding = 4; lastKnownFileType = text; name = "spec-qm-out.txt"; path = "../../../../../../Downloads/files/spec-qm-out.txt"; sourceTree = "<group>"; };
		2DA25D2A28C29AF500F7F579 /* spec-sl-out.txt */ = {isa = PBXFileReference; fileEncoding = 4; lastKnownFileType = text; name = "spec-sl-out.txt"; path = "../../../../../../Downloads/files/spec-sl-out.txt"; sourceTree = "<group>"; };
		2DA25D2B28C29AF500F7F579 /* spec-L.txt */ = {isa = PBXFileReference; fileEncoding = 4; lastKnownFileType = text; name = "spec-L.txt"; path = "../../../../../../Downloads/files/spec-L.txt"; sourceTree = "<group>"; };
		2DA25D2C28C29AF500F7F579 /* Sample-Small-M.txt */ = {isa = PBXFileReference; fileEncoding = 4; lastKnownFileType = text; name = "Sample-Small-M.txt"; path = "../../../../../../Downloads/files/Sample-Small-M.txt"; sourceTree = "<group>"; };
		2DA25D2D28C29AF500F7F579 /* spec-pipe-L.txt */ = {isa = PBXFileReference; fileEncoding = 4; lastKnownFileType = text; name = "spec-pipe-L.txt"; path = "../../../../../../Downloads/files/spec-pipe-L.txt"; sourceTree = "<group>"; };
		2DA25D2E28C29AF500F7F579 /* spec-pipe-qm-out.txt */ = {isa = PBXFileReference; fileEncoding = 4; lastKnownFileType = text; name = "spec-pipe-qm-out.txt"; path = "../../../../../../Downloads/files/spec-pipe-qm-out.txt"; sourceTree = "<group>"; };
		2DA25D2F28C29AF500F7F579 /* Sample-Big-L.txt */ = {isa = PBXFileReference; fileEncoding = 4; lastKnownFileType = text; name = "Sample-Big-L.txt"; path = "../../../../../../Downloads/files/Sample-Big-L.txt"; sourceTree = "<group>"; };
		2DA25D3028C29AF500F7F579 /* Makefile */ = {isa = PBXFileReference; fileEncoding = 4; lastKnownFileType = sourcecode.make; name = Makefile; path = ../../../../../../Downloads/files/Makefile; sourceTree = "<group>"; };
		2DA25D3128C29AF500F7F579 /* spec-no-solution-out.txt */ = {isa = PBXFileReference; fileEncoding = 4; lastKnownFileType = text; name = "spec-no-solution-out.txt"; path = "../../../../../../Downloads/files/spec-no-solution-out.txt"; sourceTree = "<group>"; };
		2DA25D3228C29AF500F7F579 /* spec-pipe-sl-out.txt */ = {isa = PBXFileReference; fileEncoding = 4; lastKnownFileType = text; name = "spec-pipe-sl-out.txt"; path = "../../../../../../Downloads/files/spec-pipe-sl-out.txt"; sourceTree = "<group>"; };
		2DA25D3328C29AF500F7F579 /* Sample-Big-sl-out.txt */ = {isa = PBXFileReference; fileEncoding = 4; lastKnownFileType = text; name = "Sample-Big-sl-out.txt"; path = "../../../../../../Downloads/files/Sample-Big-sl-out.txt"; sourceTree = "<group>"; };
		2DA25D3428C29AF500F7F579 /* spec-ql-out.txt */ = {isa = PBXFileReference; fileEncoding = 4; lastKnownFileType = text; name = "spec-ql-out.txt"; path = "../../../../../../Downloads/files/spec-ql-out.txt"; sourceTree = "<group>"; };
		2DA25D3528C29AF500F7F579 /* spec-M.txt */ = {isa = PBXFileReference; fileEncoding = 4; lastKnownFileType = text; name = "spec-M.txt"; path = "../../../../../../Downloads/files/spec-M.txt"; sourceTree = "<group>"; };
		2DA25D3628C29AF500F7F579 /* spec-pipe-ql-out.txt */ = {isa = PBXFileReference; fileEncoding = 4; lastKnownFileType = text; name = "spec-pipe-ql-out.txt"; path = "../../../../../../Downloads/files/spec-pipe-ql-out.txt"; sourceTree = "<group>"; };
		2DA25D3728C29AF500F7F579 /* project-identifier.txt */ = {isa = PBXFileReference; fileEncoding = 4; lastKnownFileType = text; name = "project-identifier.txt"; path = "../../../../../../Downloads/files/project-identifier.txt"; sourceTree = "<group>"; };
		2DA25D3828C29AF500F7F579 /* Sample-Big-M.txt */ = {isa = PBXFileReference; fileEncoding = 4; lastKnownFileType = text; name = "Sample-Big-M.txt"; path = "../../../../../../Downloads/files/Sample-Big-M.txt"; sourceTree = "<group>"; };
		2DA25D3928C29AF500F7F579 /* project1-the-stl-and-you.pdf */ = {isa = PBXFileReference; lastKnownFileType = image.pdf; name = "project1-the-stl-and-you.pdf"; path = "../../../../../../Downloads/files/project1-the-stl-and-you.pdf"; sourceTree = "<group>"; };
		2DA25D3A28C29AF500F7F579 /* error-messages.txt */ = {isa = PBXFileReference; fileEncoding = 4; lastKnownFileType = text; name = "error-messages.txt"; path = "../../../../../../Downloads/files/error-messages.txt"; sourceTree = "<group>"; };
		2DA25D3B28C29AF500F7F579 /* Sample-Big-qm-out.txt */ = {isa = PBXFileReference; fileEncoding = 4; lastKnownFileType = text; name = "Sample-Big-qm-out.txt"; path = "../../../../../../Downloads/files/Sample-Big-qm-out.txt"; sourceTree = "<group>"; };
		2DA25D3C28C29AF500F7F579 /* spec-pipe-sm-out.txt */ = {isa = PBXFileReference; fileEncoding = 4; lastKnownFileType = text; name = "spec-pipe-sm-out.txt"; path = "../../../../../../Downloads/files/spec-pipe-sm-out.txt"; sourceTree = "<group>"; };
		2DA25D3D28C29AF500F7F579 /* Sample-Small-ql-out.txt */ = {isa = PBXFileReference; fileEncoding = 4; lastKnownFileType = text; name = "Sample-Small-ql-out.txt"; path = "../../../../../../Downloads/files/Sample-Small-ql-out.txt"; sourceTree = "<group>"; };
		2DA25D3E28C29AF500F7F579 /* spec-sm-out.txt */ = {isa = PBXFileReference; fileEncoding = 4; lastKnownFileType = text; name = "spec-sm-out.txt"; path = "../../../../../../Downloads/files/spec-sm-out.txt"; sourceTree = "<group>"; };
		2DA25D3F28C29AF500F7F579 /* Sample-Small-sm-out.txt */ = {isa = PBXFileReference; fileEncoding = 4; lastKnownFileType = text; name = "Sample-Small-sm-out.txt"; path = "../../../../../../Downloads/files/Sample-Small-sm-out.txt"; sourceTree = "<group>"; };
		2DA25D4028C29AF500F7F579 /* spec-no-solution.txt */ = {isa = PBXFileReference; fileEncoding = 4; lastKnownFileType = text; name = "spec-no-solution.txt"; path = "../../../../../../Downloads/files/spec-no-solution.txt"; sourceTree = "<group>"; };
		2DA25D4128C29AF600F7F579 /* README.txt */ = {isa = PBXFileReference; fileEncoding = 4; lastKnownFileType = text; name = README.txt; path = ../../../../../../Downloads/files/README.txt; sourceTree = "<group>"; };
/* End PBXFileReference section */

/* Begin PBXFrameworksBuildPhase section */
		2DA25D1A28C29A5D00F7F579 /* Frameworks */ = {
			isa = PBXFrameworksBuildPhase;
			buildActionMask = 2147483647;
			files = (
			);
			runOnlyForDeploymentPostprocessing = 0;
		};
/* End PBXFrameworksBuildPhase section */

/* Begin PBXGroup section */
		2DA25D1428C29A5D00F7F579 = {
			isa = PBXGroup;
			children = (
				2DA25D1F28C29A5D00F7F579 /* EECS 281 Project 1 */,
				2DA25D1E28C29A5D00F7F579 /* Products */,
			);
			sourceTree = "<group>";
		};
		2DA25D1E28C29A5D00F7F579 /* Products */ = {
			isa = PBXGroup;
			children = (
				2DA25D1D28C29A5D00F7F579 /* EECS 281 Project 1 */,
			);
			name = Products;
			sourceTree = "<group>";
		};
		2DA25D1F28C29A5D00F7F579 /* EECS 281 Project 1 */ = {
			isa = PBXGroup;
			children = (
				2DA25D2028C29A5D00F7F579 /* main.cpp */,
				2DA25D3A28C29AF500F7F579 /* error-messages.txt */,
				2DA25D3028C29AF500F7F579 /* Makefile */,
				2DA25D3728C29AF500F7F579 /* project-identifier.txt */,
				2DA25D3928C29AF500F7F579 /* project1-the-stl-and-you.pdf */,
				2DA25D4128C29AF600F7F579 /* README.txt */,
				2DA25D2F28C29AF500F7F579 /* Sample-Big-L.txt */,
				2DA25D3828C29AF500F7F579 /* Sample-Big-M.txt */,
				2DA25D3B28C29AF500F7F579 /* Sample-Big-qm-out.txt */,
				2DA25D3328C29AF500F7F579 /* Sample-Big-sl-out.txt */,
				2DA25D2728C29AF500F7F579 /* Sample-Small-L.txt */,
				2DA25D2C28C29AF500F7F579 /* Sample-Small-M.txt */,
				2DA25D3D28C29AF500F7F579 /* Sample-Small-ql-out.txt */,
				2DA25D3F28C29AF500F7F579 /* Sample-Small-sm-out.txt */,
				2DA25D2B28C29AF500F7F579 /* spec-L.txt */,
				2DA25D3528C29AF500F7F579 /* spec-M.txt */,
				2DA25D3128C29AF500F7F579 /* spec-no-solution-out.txt */,
				2DA25D4028C29AF500F7F579 /* spec-no-solution.txt */,
				2DA25D2D28C29AF500F7F579 /* spec-pipe-L.txt */,
				2DA25D2828C29AF500F7F579 /* spec-pipe-M.txt */,
				2DA25D3628C29AF500F7F579 /* spec-pipe-ql-out.txt */,
				2DA25D2E28C29AF500F7F579 /* spec-pipe-qm-out.txt */,
				2DA25D3228C29AF500F7F579 /* spec-pipe-sl-out.txt */,
				2DA25D3C28C29AF500F7F579 /* spec-pipe-sm-out.txt */,
				2DA25D3428C29AF500F7F579 /* spec-ql-out.txt */,
				2DA25D2928C29AF500F7F579 /* spec-qm-out.txt */,
				2DA25D2A28C29AF500F7F579 /* spec-sl-out.txt */,
				2DA25D3E28C29AF500F7F579 /* spec-sm-out.txt */,
			);
			path = "EECS 281 Project 1";
			sourceTree = "<group>";
		};
/* End PBXGroup section */

/* Begin PBXNativeTarget section */
		2DA25D1C28C29A5D00F7F579 /* EECS 281 Project 1 */ = {
			isa = PBXNativeTarget;
			buildConfigurationList = 2DA25D2428C29A5D00F7F579 /* Build configuration list for PBXNativeTarget "EECS 281 Project 1" */;
			buildPhases = (
				2DA25D1928C29A5D00F7F579 /* Sources */,
				2DA25D1A28C29A5D00F7F579 /* Frameworks */,
				2DA25D1B28C29A5D00F7F579 /* CopyFiles */,
			);
			buildRules = (
			);
			dependencies = (
			);
			name = "EECS 281 Project 1";
			productName = "EECS 281 Project 1";
			productReference = 2DA25D1D28C29A5D00F7F579 /* EECS 281 Project 1 */;
			productType = "com.apple.product-type.tool";
		};
/* End PBXNativeTarget section */

/* Begin PBXProject section */
		2DA25D1528C29A5D00F7F579 /* Project object */ = {
			isa = PBXProject;
			attributes = {
				BuildIndependentTargetsInParallel = 1;
				LastUpgradeCheck = 1340;
				TargetAttributes = {
					2DA25D1C28C29A5D00F7F579 = {
						CreatedOnToolsVersion = 13.4.1;
					};
				};
			};
			buildConfigurationList = 2DA25D1828C29A5D00F7F579 /* Build configuration list for PBXProject "EECS 281 Project 1" */;
			compatibilityVersion = "Xcode 13.0";
			developmentRegion = en;
			hasScannedForEncodings = 0;
			knownRegions = (
				en,
				Base,
			);
			mainGroup = 2DA25D1428C29A5D00F7F579;
			productRefGroup = 2DA25D1E28C29A5D00F7F579 /* Products */;
			projectDirPath = "";
			projectRoot = "";
			targets = (
				2DA25D1C28C29A5D00F7F579 /* EECS 281 Project 1 */,
			);
		};
/* End PBXProject section */

/* Begin PBXSourcesBuildPhase section */
		2DA25D1928C29A5D00F7F579 /* Sources */ = {
			isa = PBXSourcesBuildPhase;
			buildActionMask = 2147483647;
			files = (
				2DA25D4228C29AF600F7F579 /* Makefile in Sources */,
				2DA25D2128C29A5D00F7F579 /* main.cpp in Sources */,
			);
			runOnlyForDeploymentPostprocessing = 0;
		};
/* End PBXSourcesBuildPhase section */

/* Begin XCBuildConfiguration section */
		2DA25D2228C29A5D00F7F579 /* Debug */ = {
			isa = XCBuildConfiguration;
			buildSettings = {
				ALWAYS_SEARCH_USER_PATHS = NO;
				CLANG_ANALYZER_NONNULL = YES;
				CLANG_ANALYZER_NUMBER_OBJECT_CONVERSION = YES_AGGRESSIVE;
				CLANG_CXX_LANGUAGE_STANDARD = "gnu++17";
				CLANG_ENABLE_MODULES = YES;
				CLANG_ENABLE_OBJC_ARC = YES;
				CLANG_ENABLE_OBJC_WEAK = YES;
				CLANG_WARN_BLOCK_CAPTURE_AUTORELEASING = YES;
				CLANG_WARN_BOOL_CONVERSION = YES;
				CLANG_WARN_COMMA = YES;
				CLANG_WARN_CONSTANT_CONVERSION = YES;
				CLANG_WARN_DEPRECATED_OBJC_IMPLEMENTATIONS = YES;
				CLANG_WARN_DIRECT_OBJC_ISA_USAGE = YES_ERROR;
				CLANG_WARN_DOCUMENTATION_COMMENTS = YES;
				CLANG_WARN_EMPTY_BODY = YES;
				CLANG_WARN_ENUM_CONVERSION = YES;
				CLANG_WARN_INFINITE_RECURSION = YES;
				CLANG_WARN_INT_CONVERSION = YES;
				CLANG_WARN_NON_LITERAL_NULL_CONVERSION = YES;
				CLANG_WARN_OBJC_IMPLICIT_RETAIN_SELF = YES;
				CLANG_WARN_OBJC_LITERAL_CONVERSION = YES;
				CLANG_WARN_OBJC_ROOT_CLASS = YES_ERROR;
				CLANG_WARN_QUOTED_INCLUDE_IN_FRAMEWORK_HEADER = YES;
				CLANG_WARN_RANGE_LOOP_ANALYSIS = YES;
				CLANG_WARN_STRICT_PROTOTYPES = YES;
				CLANG_WARN_SUSPICIOUS_MOVE = YES;
				CLANG_WARN_UNGUARDED_AVAILABILITY = YES_AGGRESSIVE;
				CLANG_WARN_UNREACHABLE_CODE = YES;
				CLANG_WARN__DUPLICATE_METHOD_MATCH = YES;
				COPY_PHASE_STRIP = NO;
				DEBUG_INFORMATION_FORMAT = dwarf;
				ENABLE_STRICT_OBJC_MSGSEND = YES;
				ENABLE_TESTABILITY = YES;
				GCC_C_LANGUAGE_STANDARD = gnu11;
				GCC_DYNAMIC_NO_PIC = NO;
				GCC_NO_COMMON_BLOCKS = YES;
				GCC_OPTIMIZATION_LEVEL = 0;
				GCC_PREPROCESSOR_DEFINITIONS = (
					"DEBUG=1",
					"$(inherited)",
				);
				GCC_WARN_64_TO_32_BIT_CONVERSION = YES;
				GCC_WARN_ABOUT_RETURN_TYPE = YES_ERROR;
				GCC_WARN_UNDECLARED_SELECTOR = YES;
				GCC_WARN_UNINITIALIZED_AUTOS = YES_AGGRESSIVE;
				GCC_WARN_UNUSED_FUNCTION = YES;
				GCC_WARN_UNUSED_VARIABLE = YES;
				MACOSX_DEPLOYMENT_TARGET = 12.3;
				MTL_ENABLE_DEBUG_INFO = INCLUDE_SOURCE;
				MTL_FAST_MATH = YES;
				ONLY_ACTIVE_ARCH = YES;
				SDKROOT = macosx;
			};
			name = Debug;
		};
		2DA25D2328C29A5D00F7F579 /* Release */ = {
			isa = XCBuildConfiguration;
			buildSettings = {
				ALWAYS_SEARCH_USER_PATHS = NO;
				CLANG_ANALYZER_NONNULL = YES;
				CLANG_ANALYZER_NUMBER_OBJECT_CONVERSION = YES_AGGRESSIVE;
				CLANG_CXX_LANGUAGE_STANDARD = "gnu++17";
				CLANG_ENABLE_MODULES = YES;
				CLANG_ENABLE_OBJC_ARC = YES;
				CLANG_ENABLE_OBJC_WEAK = YES;
				CLANG_WARN_BLOCK_CAPTURE_AUTORELEASING = YES;
				CLANG_WARN_BOOL_CONVERSION = YES;
				CLANG_WARN_COMMA = YES;
				CLANG_WARN_CONSTANT_CONVERSION = YES;
				CLANG_WARN_DEPRECATED_OBJC_IMPLEMENTATIONS = YES;
				CLANG_WARN_DIRECT_OBJC_ISA_USAGE = YES_ERROR;
				CLANG_WARN_DOCUMENTATION_COMMENTS = YES;
				CLANG_WARN_EMPTY_BODY = YES;
				CLANG_WARN_ENUM_CONVERSION = YES;
				CLANG_WARN_INFINITE_RECURSION = YES;
				CLANG_WARN_INT_CONVERSION = YES;
				CLANG_WARN_NON_LITERAL_NULL_CONVERSION = YES;
				CLANG_WARN_OBJC_IMPLICIT_RETAIN_SELF = YES;
				CLANG_WARN_OBJC_LITERAL_CONVERSION = YES;
				CLANG_WARN_OBJC_ROOT_CLASS = YES_ERROR;
				CLANG_WARN_QUOTED_INCLUDE_IN_FRAMEWORK_HEADER = YES;
				CLANG_WARN_RANGE_LOOP_ANALYSIS = YES;
				CLANG_WARN_STRICT_PROTOTYPES = YES;
				CLANG_WARN_SUSPICIOUS_MOVE = YES;
				CLANG_WARN_UNGUARDED_AVAILABILITY = YES_AGGRESSIVE;
				CLANG_WARN_UNREACHABLE_CODE = YES;
				CLANG_WARN__DUPLICATE_METHOD_MATCH = YES;
				COPY_PHASE_STRIP = NO;
				DEBUG_INFORMATION_FORMAT = "dwarf-with-dsym";
				ENABLE_NS_ASSERTIONS = NO;
				ENABLE_STRICT_OBJC_MSGSEND = YES;
				GCC_C_LANGUAGE_STANDARD = gnu11;
				GCC_NO_COMMON_BLOCKS = YES;
				GCC_WARN_64_TO_32_BIT_CONVERSION = YES;
				GCC_WARN_ABOUT_RETURN_TYPE = YES_ERROR;
				GCC_WARN_UNDECLARED_SELECTOR = YES;
				GCC_WARN_UNINITIALIZED_AUTOS = YES_AGGRESSIVE;
				GCC_WARN_UNUSED_FUNCTION = YES;
				GCC_WARN_UNUSED_VARIABLE = YES;
				MACOSX_DEPLOYMENT_TARGET = 12.3;
				MTL_ENABLE_DEBUG_INFO = NO;
				MTL_FAST_MATH = YES;
				SDKROOT = macosx;
			};
			name = Release;
		};
		2DA25D2528C29A5D00F7F579 /* Debug */ = {
			isa = XCBuildConfiguration;
			buildSettings = {
				CODE_SIGN_STYLE = Automatic;
				DEVELOPMENT_TEAM = 8W438P288U;
				ENABLE_HARDENED_RUNTIME = YES;
				PRODUCT_NAME = "$(TARGET_NAME)";
			};
			name = Debug;
		};
		2DA25D2628C29A5D00F7F579 /* Release */ = {
			isa = XCBuildConfiguration;
			buildSettings = {
				CODE_SIGN_STYLE = Automatic;
				DEVELOPMENT_TEAM = 8W438P288U;
				ENABLE_HARDENED_RUNTIME = YES;
				PRODUCT_NAME = "$(TARGET_NAME)";
			};
			name = Release;
		};
/* End XCBuildConfiguration section */

/* Begin XCConfigurationList section */
		2DA25D1828C29A5D00F7F579 /* Build configuration list for PBXProject "EECS 281 Project 1" */ = {
			isa = XCConfigurationList;
			buildConfigurations = (
				2DA25D2228C29A5D00F7F579 /* Debug */,
				2DA25D2328C29A5D00F7F579 /* Release */,
			);
			defaultConfigurationIsVisible = 0;
			defaultConfigurationName = Release;
		};
		2DA25D2428C29A5D00F7F579 /* Build configuration list for PBXNativeTarget "EECS 281 Project 1" */ = {
			isa = XCConfigurationList;
			buildConfigurations = (
				2DA25D2528C29A5D00F7F579 /* Debug */,
				2DA25D2628C29A5D00F7F579 /* Release */,
			);
			defaultConfigurationIsVisible = 0;
			defaultConfigurationName = Release;
		};
/* End XCConfigurationList section */
	};
	rootObject = 2DA25D1528C29A5D00F7F579 /* Project object */;
}
